
Microsoft Visual Studio Solution File, Format Version 12.00
# Visual Studio Version 16
VisualStudioVersion = 16.0.29905.134
MinimumVisualStudioVersion = 10.0.40219.1
Project("{FAE04EC0-301F-11D3-BF4B-00C04F79EFBC}") = "PongGame", "PongGame\PongGame.csproj", "{49CD41BE-9AB1-465A-A1FB-6A5DF0BA9779}"
EndProject
Global
	GlobalSection(SolutionConfigurationPlatforms) = preSolution
		Debug|Any CPU = Debug|Any CPU
		Release|Any CPU = Release|Any CPU
	EndGlobalSection
	GlobalSection(ProjectConfigurationPlatforms) = postSolution
		{49CD41BE-9AB1-465A-A1FB-6A5DF0BA9779}.Debug|Any CPU.ActiveCfg = Debug|Any CPU
		{49CD41BE-9AB1-465A-A1FB-6A5DF0BA9779}.Debug|Any CPU.Build.0 = Debug|Any CPU
		{49CD41BE-9AB1-465A-A1FB-6A5DF0BA9779}.Release|Any CPU.ActiveCfg = Release|Any CPU
		{49CD41BE-9AB1-465A-A1FB-6A5DF0BA9779}.Release|Any CPU.Build.0 = Release|Any CPU
	EndGlobalSection
	GlobalSection(SolutionProperties) = preSolution
		HideSolutionNode = FALSE
	EndGlobalSection
	GlobalSection(ExtensibilityGlobals) = postSolution
		SolutionGuid = {37AE66E1-CEE8-497B-864B-26A7F987E620}
	EndGlobalSection
EndGlobal
